{
	"name": "site-content",
	"requires": true,
	"lockfileVersion": 1,
	"dependencies": {
		"@sap/portal-cf-content-deployer": {
			"version": "3.25.0-20191218200458",
			"resolved": "https://common.repositories.cloud.sap:443/artifactory/api/npm/build.releases.npm/@sap/portal-cf-content-deployer/-/portal-cf-content-deployer-3.25.0-20191218200458.tgz",
			"integrity": "sha1-jsLBI2GdTply/ACDFMXngi12imY=",
			"requires": {
				"@sap/xsenv": "2.0.0",
				"axios": "0.18.1",
				"form-data": "2.3.3",
				"glob": "7.1.4",
				"jszip": "3.2.1",
				"rimraf": "2.6.3"
			},
			"dependencies": {
				"@sap/xsenv": {
					"version": "2.0.0",
					"resolved": "https://common.repositories.cloud.sap:443/artifactory/api/npm/build.releases.npm/@sap/xsenv/-/xsenv-2.0.0.tgz",
					"integrity": "sha512-SvHZ2IaLfvTPf1PMCVzSFUIBqHOCRC3megKiGAyPAv9nxW+X/MIKEaVvp1D/C7Mmm/sVB2wXAJZ2meNGxY28MQ==",
					"requires": {
						"debug": "3.1.0",
						"verror": "1.10.0"
					},
					"dependencies": {
						"assert-plus": {
							"version": "1.0.0",
							"resolved": "https://common.repositories.cloud.sap:443/artifactory/api/npm/build.releases.npm/assert-plus/-/assert-plus-1.0.0.tgz",
							"integrity": "sha512-NfJ4UzBCcQGLDlQq7nHxH+tv3kyZ0hHQqF5BO6J7tNJeP5do1llPr8dZ8zHonfhAu0PHAdMkSo+8o0wxg9lZWw=="
						},
						"core-util-is": {
							"version": "1.0.2",
							"resolved": "https://common.repositories.cloud.sap:443/artifactory/api/npm/build.releases.npm/core-util-is/-/core-util-is-1.0.2.tgz",
							"integrity": "sha512-3lqz5YjWTYnW6dlDa5TLaTCcShfar1e40rmcJVwCBJC6mWlFuj0eCHIElmG1g5kyuJ/GD+8Wn4FFCcz4gJPfaQ=="
						},
						"debug": {
							"version": "3.1.0",
							"resolved": "https://common.repositories.cloud.sap:443/artifactory/api/npm/build.releases.npm/debug/-/debug-3.1.0.tgz",
							"integrity": "sha512-OX8XqP7/1a9cqkxYw2yXss15f26NKWBpDXQd0/uK/KPqdQhxbPa994hnzjcE2VqQpDslf55723cKPUOGSmMY3g==",
							"requires": {
								"ms": "2.0.0"
							}
						},
						"extsprintf": {
							"version": "1.4.0",
							"resolved": "https://common.repositories.cloud.sap:443/artifactory/api/npm/build.releases.npm/extsprintf/-/extsprintf-1.4.0.tgz",
							"integrity": "sha512-6NW8DZ8pWBc5NbGYUiqqccj9dXnuSzilZYqprdKJBZsQodGH9IyUoFOGxIWVDcBzHMb8ET24aqx9p66tZEWZkA=="
						},
						"ms": {
							"version": "2.0.0",
							"resolved": "https://common.repositories.cloud.sap:443/artifactory/api/npm/build.releases.npm/ms/-/ms-2.0.0.tgz",
							"integrity": "sha512-Tpp60P6IUJDTuOq/5Z8cdskzJujfwqfOTkrwIwj7IRISpnkJnT6SyJ4PCPnGMoFjC9ddhal5KVIYtAt97ix05A=="
						},
						"verror": {
							"version": "1.10.0",
							"resolved": "https://common.repositories.cloud.sap:443/artifactory/api/npm/build.releases.npm/verror/-/verror-1.10.0.tgz",
							"integrity": "sha512-ZZKSmDAEFOijERBLkmYfJ+vmk3w+7hOLYDNkRCuRuMJGEmqYNCNLyBBFwWKVMhfwaEF3WOd0Zlw86U/WC/+nYw==",
							"requires": {
								"assert-plus": "^1.0.0",
								"core-util-is": "1.0.2",
								"extsprintf": "^1.2.0"
							}
						}
					}
				},
				"asynckit": {
					"version": "0.4.0",
					"resolved": "https://common.repositories.cloud.sap:443/artifactory/api/npm/build.releases.npm/asynckit/-/asynckit-0.4.0.tgz",
					"integrity": "sha512-Oei9OH4tRh0YqU3GxhX79dM/mwVgvbZJaSNaRk+bshkj0S5cfHcgYakreBjrHwatXKbz+IoIdYLxrKim2MjW0Q=="
				},
				"axios": {
					"version": "0.18.1",
					"resolved": "https://common.repositories.cloud.sap:443/artifactory/api/npm/build.releases.npm/axios/-/axios-0.18.1.tgz",
					"integrity": "sha512-0BfJq4NSfQXd+SkFdrvFbG7addhYSBA2mQwISr46pD6E5iqkWg02RAs8vyTT/j0RTnoYmeXauBuSv1qKwR179g==",
					"requires": {
						"follow-redirects": "1.5.10",
						"is-buffer": "^2.0.2"
					}
				},
				"balanced-match": {
					"version": "1.0.0",
					"resolved": "https://common.repositories.cloud.sap:443/artifactory/api/npm/build.releases.npm/balanced-match/-/balanced-match-1.0.0.tgz",
					"integrity": "sha512-9Y0g0Q8rmSt+H33DfKv7FOc3v+iRI+o1lbzt8jGcIosYW37IIW/2XVYq5NPdmaD5NQ59Nk26Kl/vZbwW9Fr8vg=="
				},
				"brace-expansion": {
					"version": "1.1.11",
					"resolved": "https://common.repositories.cloud.sap:443/artifactory/api/npm/build.releases.npm/brace-expansion/-/brace-expansion-1.1.11.tgz",
					"integrity": "sha512-iCuPHDFgrHX7H2vEI/5xpz07zSHB00TpugqhmYtVmMO6518mCuRMoOYFldEBl0g187ufozdaHgWKcYFb61qGiA==",
					"requires": {
						"balanced-match": "^1.0.0",
						"concat-map": "0.0.1"
					}
				},
				"combined-stream": {
					"version": "1.0.8",
					"resolved": "https://common.repositories.cloud.sap:443/artifactory/api/npm/build.releases.npm/combined-stream/-/combined-stream-1.0.8.tgz",
					"integrity": "sha512-FQN4MRfuJeHf7cBbBMJFXhKSDq+2kAArBlmRBvcvFE5BB1HZKXtSFASDhdlz9zOYwxh8lDdnvmMOe/+5cdoEdg==",
					"requires": {
						"delayed-stream": "~1.0.0"
					}
				},
				"concat-map": {
					"version": "0.0.1",
					"resolved": "https://common.repositories.cloud.sap:443/artifactory/api/npm/build.releases.npm/concat-map/-/concat-map-0.0.1.tgz",
					"integrity": "sha512-/Srv4dswyQNBfohGpz9o6Yb3Gz3SrUDqBH5rTuhGR7ahtlbYKnVxw2bCFMRljaA7EXHaXZ8wsHdodFvbkhKmqg=="
				},
				"core-util-is": {
					"version": "1.0.2",
					"resolved": "https://common.repositories.cloud.sap:443/artifactory/api/npm/build.releases.npm/core-util-is/-/core-util-is-1.0.2.tgz",
					"integrity": "sha512-3lqz5YjWTYnW6dlDa5TLaTCcShfar1e40rmcJVwCBJC6mWlFuj0eCHIElmG1g5kyuJ/GD+8Wn4FFCcz4gJPfaQ=="
				},
				"debug": {
					"version": "3.1.0",
					"resolved": "https://common.repositories.cloud.sap:443/artifactory/api/npm/build.releases.npm/debug/-/debug-3.1.0.tgz",
					"integrity": "sha512-OX8XqP7/1a9cqkxYw2yXss15f26NKWBpDXQd0/uK/KPqdQhxbPa994hnzjcE2VqQpDslf55723cKPUOGSmMY3g==",
					"requires": {
						"ms": "2.0.0"
					}
				},
				"delayed-stream": {
					"version": "1.0.0",
					"resolved": "https://common.repositories.cloud.sap:443/artifactory/api/npm/build.releases.npm/delayed-stream/-/delayed-stream-1.0.0.tgz",
					"integrity": "sha512-ZySD7Nf91aLB0RxL4KGrKHBXl7Eds1DAmEdcoVawXnLD7SDhpNgtuII2aAkg7a7QS41jxPSZ17p4VdGnMHk3MQ=="
				},
				"follow-redirects": {
					"version": "1.5.10",
					"resolved": "https://common.repositories.cloud.sap:443/artifactory/api/npm/build.releases.npm/follow-redirects/-/follow-redirects-1.5.10.tgz",
					"integrity": "sha512-0V5l4Cizzvqt5D44aTXbFZz+FtyXV1vrDN6qrelxtfYQKW0KO0W2T/hkE8xvGa/540LkZlkaUjO4ailYTFtHVQ==",
					"requires": {
						"debug": "=3.1.0"
					}
				},
				"form-data": {
					"version": "2.3.3",
					"resolved": "https://common.repositories.cloud.sap:443/artifactory/api/npm/build.releases.npm/form-data/-/form-data-2.3.3.tgz",
					"integrity": "sha512-1lLKB2Mu3aGP1Q/2eCOx0fNbRMe7XdwktwOruhfqqd0rIJWwN4Dh+E3hrPSlDCXnSR7UtZ1N38rVXm+6+MEhJQ==",
					"requires": {
						"asynckit": "^0.4.0",
						"combined-stream": "^1.0.6",
						"mime-types": "^2.1.12"
					}
				},
				"fs.realpath": {
					"version": "1.0.0",
					"resolved": "https://common.repositories.cloud.sap:443/artifactory/api/npm/build.releases.npm/fs.realpath/-/fs.realpath-1.0.0.tgz",
					"integrity": "sha512-OO0pH2lK6a0hZnAdau5ItzHPI6pUlvI7jMVnxUQRtw4owF2wk8lOSabtGDCTP4Ggrg2MbGnWO9X8K1t4+fGMDw=="
				},
				"glob": {
					"version": "7.1.4",
					"resolved": "https://common.repositories.cloud.sap:443/artifactory/api/npm/build.releases.npm/glob/-/glob-7.1.4.tgz",
					"integrity": "sha512-hkLPepehmnKk41pUGm3sYxoFs/umurYfYJCerbXEyFIWcAzvpipAgVkBqqT9RBKMGjnq6kMuyYwha6csxbiM1A==",
					"requires": {
						"fs.realpath": "^1.0.0",
						"inflight": "^1.0.4",
						"inherits": "2",
						"minimatch": "^3.0.4",
						"once": "^1.3.0",
						"path-is-absolute": "^1.0.0"
					}
				},
				"immediate": {
					"version": "3.0.6",
					"resolved": "https://common.repositories.cloud.sap:443/artifactory/api/npm/build.releases.npm/immediate/-/immediate-3.0.6.tgz",
					"integrity": "sha512-XXOFtyqDjNDAQxVfYxuF7g9Il/IbWmmlQg2MYKOH8ExIT1qg6xc4zyS3HaEEATgs1btfzxq15ciUiY7gjSXRGQ=="
				},
				"inflight": {
					"version": "1.0.6",
					"resolved": "https://common.repositories.cloud.sap:443/artifactory/api/npm/build.releases.npm/inflight/-/inflight-1.0.6.tgz",
					"integrity": "sha512-k92I/b08q4wvFscXCLvqfsHCrjrF7yiXsQuIVvVE7N82W3+aqpzuUdBbfhWcy/FZR3/4IgflMgKLOsvPDrGCJA==",
					"requires": {
						"once": "^1.3.0",
						"wrappy": "1"
					}
				},
				"inherits": {
					"version": "2.0.4",
					"resolved": "https://common.repositories.cloud.sap:443/artifactory/api/npm/build.releases.npm/inherits/-/inherits-2.0.4.tgz",
					"integrity": "sha512-k/vGaX4/Yla3WzyMCvTQOXYeIHvqOKtnqBduzTHpzpQZzAskKMhZ2K+EnBiSM9zGSoIFeMpXKxa4dYeZIQqewQ=="
				},
				"is-buffer": {
					"version": "2.0.4",
					"resolved": "https://common.repositories.cloud.sap:443/artifactory/api/npm/build.releases.npm/is-buffer/-/is-buffer-2.0.4.tgz",
					"integrity": "sha512-Kq1rokWXOPXWuaMAqZiJW4XxsmD9zGx9q4aePabbn3qCRGedtH7Cm+zV8WETitMfu1wdh+Rvd6w5egwSngUX2A=="
				},
				"isarray": {
					"version": "1.0.0",
					"resolved": "https://common.repositories.cloud.sap:443/artifactory/api/npm/build.releases.npm/isarray/-/isarray-1.0.0.tgz",
					"integrity": "sha512-VLghIWNM6ELQzo7zwmcg0NmTVyWKYjvIeM83yjp0wRDTmUnrM678fQbcKBo6n2CJEF0szoG//ytg+TKla89ALQ=="
				},
				"jszip": {
					"version": "3.2.1",
					"resolved": "https://common.repositories.cloud.sap:443/artifactory/api/npm/build.releases.npm/jszip/-/jszip-3.2.1.tgz",
					"integrity": "sha512-iCMBbo4eE5rb1VCpm5qXOAaUiRKRUKiItn8ah2YQQx9qymmSAY98eyQfioChEYcVQLh0zxJ3wS4A0mh90AVPvw==",
					"requires": {
						"lie": "~3.3.0",
						"pako": "~1.0.2",
						"readable-stream": "~2.3.6",
						"set-immediate-shim": "~1.0.1"
					}
				},
				"lie": {
					"version": "3.3.0",
					"resolved": "https://common.repositories.cloud.sap:443/artifactory/api/npm/build.releases.npm/lie/-/lie-3.3.0.tgz",
					"integrity": "sha512-UaiMJzeWRlEujzAuw5LokY1L5ecNQYZKfmyZ9L7wDHb/p5etKaxXhohBcrw0EYby+G/NA52vRSN4N39dxHAIwQ==",
					"requires": {
						"immediate": "~3.0.5"
					}
				},
				"mime-db": {
					"version": "1.42.0",
					"resolved": "https://common.repositories.cloud.sap:443/artifactory/api/npm/build.releases.npm/mime-db/-/mime-db-1.42.0.tgz",
					"integrity": "sha512-UbfJCR4UAVRNgMpfImz05smAXK7+c+ZntjaA26ANtkXLlOe947Aag5zdIcKQULAiF9Cq4WxBi9jUs5zkA84bYQ=="
				},
				"mime-types": {
					"version": "2.1.25",
					"resolved": "https://common.repositories.cloud.sap:443/artifactory/api/npm/build.releases.npm/mime-types/-/mime-types-2.1.25.tgz",
					"integrity": "sha512-5KhStqB5xpTAeGqKBAMgwaYMnQik7teQN4IAzC7npDv6kzeU6prfkR67bc87J1kWMPGkoaZSq1npmexMgkmEVg==",
					"requires": {
						"mime-db": "1.42.0"
					}
				},
				"minimatch": {
					"version": "3.0.4",
					"resolved": "https://common.repositories.cloud.sap:443/artifactory/api/npm/build.releases.npm/minimatch/-/minimatch-3.0.4.tgz",
					"integrity": "sha512-yJHVQEhyqPLUTgt9B83PXu6W3rx4MvvHvSUvToogpwoGDOUQ+yDrR0HRot+yOCdCO7u4hX3pWft6kWBBcqh0UA==",
					"requires": {
						"brace-expansion": "^1.1.7"
					}
				},
				"ms": {
					"version": "2.0.0",
					"resolved": "https://common.repositories.cloud.sap:443/artifactory/api/npm/build.releases.npm/ms/-/ms-2.0.0.tgz",
					"integrity": "sha512-Tpp60P6IUJDTuOq/5Z8cdskzJujfwqfOTkrwIwj7IRISpnkJnT6SyJ4PCPnGMoFjC9ddhal5KVIYtAt97ix05A=="
				},
				"once": {
					"version": "1.4.0",
					"resolved": "https://common.repositories.cloud.sap:443/artifactory/api/npm/build.releases.npm/once/-/once-1.4.0.tgz",
					"integrity": "sha512-lNaJgI+2Q5URQBkccEKHTQOPaXdUxnZZElQTZY0MFUAuaEqe1E+Nyvgdz/aIyNi6Z9MzO5dv1H8n58/GELp3+w==",
					"requires": {
						"wrappy": "1"
					}
				},
				"pako": {
					"version": "1.0.10",
					"resolved": "https://common.repositories.cloud.sap:443/artifactory/api/npm/build.releases.npm/pako/-/pako-1.0.10.tgz",
					"integrity": "sha512-0DTvPVU3ed8+HNXOu5Bs+o//Mbdj9VNQMUOe9oKCwh8l0GNwpTDMKCWbRjgtD291AWnkAgkqA/LOnQS8AmS1tw=="
				},
				"path-is-absolute": {
					"version": "1.0.1",
					"resolved": "https://common.repositories.cloud.sap:443/artifactory/api/npm/build.releases.npm/path-is-absolute/-/path-is-absolute-1.0.1.tgz",
					"integrity": "sha512-AVbw3UJ2e9bq64vSaS9Am0fje1Pa8pbGqTTsmXfaIiMpnr5DlDhfJOuLj9Sf95ZPVDAUerDfEk88MPmPe7UCQg=="
				},
				"process-nextick-args": {
					"version": "2.0.1",
					"resolved": "https://common.repositories.cloud.sap:443/artifactory/api/npm/build.releases.npm/process-nextick-args/-/process-nextick-args-2.0.1.tgz",
					"integrity": "sha512-3ouUOpQhtgrbOa17J7+uxOTpITYWaGP7/AhoR3+A+/1e9skrzelGi/dXzEYyvbxubEF6Wn2ypscTKiKJFFn1ag=="
				},
				"readable-stream": {
					"version": "2.3.6",
					"resolved": "https://common.repositories.cloud.sap:443/artifactory/api/npm/build.releases.npm/readable-stream/-/readable-stream-2.3.6.tgz",
					"integrity": "sha512-tQtKA9WIAhBF3+VLAseyMqZeBjW0AHJoxOtYqSUZNJxauErmLbVm2FW1y+J/YA9dUrAC39ITejlZWhVIwawkKw==",
					"requires": {
						"core-util-is": "~1.0.0",
						"inherits": "~2.0.3",
						"isarray": "~1.0.0",
						"process-nextick-args": "~2.0.0",
						"safe-buffer": "~5.1.1",
						"string_decoder": "~1.1.1",
						"util-deprecate": "~1.0.1"
					}
				},
				"rimraf": {
					"version": "2.6.3",
					"resolved": "https://common.repositories.cloud.sap:443/artifactory/api/npm/build.releases.npm/rimraf/-/rimraf-2.6.3.tgz",
					"integrity": "sha512-mwqeW5XsA2qAejG46gYdENaxXjx9onRNCfn7L0duuP4hCuTIi/QO7PDK07KJfp1d+izWPrzEJDcSqBa0OZQriA==",
					"requires": {
						"glob": "^7.1.3"
					}
				},
				"safe-buffer": {
					"version": "5.1.2",
					"resolved": "https://common.repositories.cloud.sap:443/artifactory/api/npm/build.releases.npm/safe-buffer/-/safe-buffer-5.1.2.tgz",
					"integrity": "sha512-Gd2UZBJDkXlY7GbJxfsE8/nvKkUEU1G38c1siN6QP6a9PT9MmHB8GnpscSmMJSoF8LOIrt8ud/wPtojys4G6+g=="
				},
				"set-immediate-shim": {
					"version": "1.0.1",
					"resolved": "https://common.repositories.cloud.sap:443/artifactory/api/npm/build.releases.npm/set-immediate-shim/-/set-immediate-shim-1.0.1.tgz",
					"integrity": "sha512-Li5AOqrZWCVA2n5kryzEmqai6bKSIvpz5oUJHPVj6+dsbD3X1ixtsY5tEnsaNpH3pFAHmG8eIHUrtEtohrg+UQ=="
				},
				"string_decoder": {
					"version": "1.1.1",
					"resolved": "https://common.repositories.cloud.sap:443/artifactory/api/npm/build.releases.npm/string_decoder/-/string_decoder-1.1.1.tgz",
					"integrity": "sha512-n/ShnvDi6FHbbVfviro+WojiFzv+s8MPMHBczVePfUpDJLwoLT0ht1l4YwBCbi8pJAveEEdnkHyPyTP/mzRfwg==",
					"requires": {
						"safe-buffer": "~5.1.0"
					}
				},
				"util-deprecate": {
					"version": "1.0.2",
					"resolved": "https://common.repositories.cloud.sap:443/artifactory/api/npm/build.releases.npm/util-deprecate/-/util-deprecate-1.0.2.tgz",
					"integrity": "sha512-EPD5q1uXyFxJpCrLnCc1nHnq3gOa6DZBocAIiI2TaSCA7VCJ1UJDMagCzIkXNsUYfD1daK//LTEQ8xiIbrHtcw=="
				},
				"wrappy": {
					"version": "1.0.2",
					"resolved": "https://common.repositories.cloud.sap:443/artifactory/api/npm/build.releases.npm/wrappy/-/wrappy-1.0.2.tgz",
					"integrity": "sha512-l4Sp/DRseor9wL6EvV2+TuQn63dMkPjZ/sp9XkghTEbV9KlPS1xUsZ3u7/IQO4wxtcFB4bgpQPRcR3QCvezPcQ=="
				}
			}
		}
	}
}
