{
	"name": "site-content",
	"lockfileVersion": 2,
	"requires": true,
	"packages": {
		"": {
			"name": "site-content",
			"license": "Apache-2.0",
			"dependencies": {
				"@sap/portal-cf-content-deployer": "3.25.0-20191218200458"
			},
			"engines": {
				"node": "^8.15.0"
			}
		},
		"node_modules/@sap/portal-cf-content-deployer": {
			"version": "3.25.0-20191218200458",
			"resolved": "https://registry.npmjs.org/@sap/portal-cf-content-deployer/-/portal-cf-content-deployer-3.25.0-20191218200458.tgz",
			"integrity": "sha512-h5yvsAaDTp6TZfXqWm9tzYo+I/+mw6/nR4AtnvcP9IePq7NRj6Ta3U//LQnFz4J+pZDzCg8p05kBw6GmbdeDjg==",
			"hasShrinkwrap": true,
			"dependencies": {
				"@sap/xsenv": "2.0.0",
				"axios": "0.18.1",
				"form-data": "2.3.3",
				"glob": "7.1.4",
				"jszip": "3.2.1",
				"rimraf": "2.6.3"
			},
			"engines": {
				"node": "^10.15.3"
			}
		},
		"node_modules/@sap/portal-cf-content-deployer/node_modules/@sap/xsenv": {
			"version": "2.0.0",
			"dependencies": {
				"debug": "3.1.0",
				"verror": "1.10.0"
			}
		},
		"node_modules/@sap/portal-cf-content-deployer/node_modules/@sap/xsenv/node_modules/assert-plus": {
			"version": "1.0.0"
		},
		"node_modules/@sap/portal-cf-content-deployer/node_modules/@sap/xsenv/node_modules/core-util-is": {
			"version": "1.0.2"
		},
		"node_modules/@sap/portal-cf-content-deployer/node_modules/@sap/xsenv/node_modules/debug": {
			"version": "3.1.0",
			"dependencies": {
				"ms": "2.0.0"
			}
		},
		"node_modules/@sap/portal-cf-content-deployer/node_modules/@sap/xsenv/node_modules/extsprintf": {
			"version": "1.4.0"
		},
		"node_modules/@sap/portal-cf-content-deployer/node_modules/@sap/xsenv/node_modules/ms": {
			"version": "2.0.0"
		},
		"node_modules/@sap/portal-cf-content-deployer/node_modules/@sap/xsenv/node_modules/verror": {
			"version": "1.10.0",
			"dependencies": {
				"assert-plus": "^1.0.0",
				"core-util-is": "1.0.2",
				"extsprintf": "^1.2.0"
			}
		},
		"node_modules/@sap/portal-cf-content-deployer/node_modules/asynckit": {
			"version": "0.4.0"
		},
		"node_modules/@sap/portal-cf-content-deployer/node_modules/axios": {
			"version": "0.18.1",
			"dependencies": {
				"follow-redirects": "1.5.10",
				"is-buffer": "^2.0.2"
			}
		},
		"node_modules/@sap/portal-cf-content-deployer/node_modules/balanced-match": {
			"version": "1.0.0"
		},
		"node_modules/@sap/portal-cf-content-deployer/node_modules/brace-expansion": {
			"version": "1.1.11",
			"dependencies": {
				"balanced-match": "^1.0.0",
				"concat-map": "0.0.1"
			}
		},
		"node_modules/@sap/portal-cf-content-deployer/node_modules/combined-stream": {
			"version": "1.0.8",
			"dependencies": {
				"delayed-stream": "~1.0.0"
			}
		},
		"node_modules/@sap/portal-cf-content-deployer/node_modules/concat-map": {
			"version": "0.0.1"
		},
		"node_modules/@sap/portal-cf-content-deployer/node_modules/core-util-is": {
			"version": "1.0.2"
		},
		"node_modules/@sap/portal-cf-content-deployer/node_modules/debug": {
			"version": "3.1.0",
			"dependencies": {
				"ms": "2.0.0"
			}
		},
		"node_modules/@sap/portal-cf-content-deployer/node_modules/delayed-stream": {
			"version": "1.0.0"
		},
		"node_modules/@sap/portal-cf-content-deployer/node_modules/follow-redirects": {
			"version": "1.5.10",
			"dependencies": {
				"debug": "=3.1.0"
			}
		},
		"node_modules/@sap/portal-cf-content-deployer/node_modules/form-data": {
			"version": "2.3.3",
			"dependencies": {
				"asynckit": "^0.4.0",
				"combined-stream": "^1.0.6",
				"mime-types": "^2.1.12"
			}
		},
		"node_modules/@sap/portal-cf-content-deployer/node_modules/fs.realpath": {
			"version": "1.0.0"
		},
		"node_modules/@sap/portal-cf-content-deployer/node_modules/glob": {
			"version": "7.1.4",
			"dependencies": {
				"fs.realpath": "^1.0.0",
				"inflight": "^1.0.4",
				"inherits": "2",
				"minimatch": "^3.0.4",
				"once": "^1.3.0",
				"path-is-absolute": "^1.0.0"
			}
		},
		"node_modules/@sap/portal-cf-content-deployer/node_modules/immediate": {
			"version": "3.0.6"
		},
		"node_modules/@sap/portal-cf-content-deployer/node_modules/inflight": {
			"version": "1.0.6",
			"dependencies": {
				"once": "^1.3.0",
				"wrappy": "1"
			}
		},
		"node_modules/@sap/portal-cf-content-deployer/node_modules/inherits": {
			"version": "2.0.4"
		},
		"node_modules/@sap/portal-cf-content-deployer/node_modules/is-buffer": {
			"version": "2.0.4"
		},
		"node_modules/@sap/portal-cf-content-deployer/node_modules/isarray": {
			"version": "1.0.0"
		},
		"node_modules/@sap/portal-cf-content-deployer/node_modules/jszip": {
			"version": "3.2.1",
			"dependencies": {
				"lie": "~3.3.0",
				"pako": "~1.0.2",
				"readable-stream": "~2.3.6",
				"set-immediate-shim": "~1.0.1"
			}
		},
		"node_modules/@sap/portal-cf-content-deployer/node_modules/lie": {
			"version": "3.3.0",
			"dependencies": {
				"immediate": "~3.0.5"
			}
		},
		"node_modules/@sap/portal-cf-content-deployer/node_modules/mime-db": {
			"version": "1.42.0"
		},
		"node_modules/@sap/portal-cf-content-deployer/node_modules/mime-types": {
			"version": "2.1.25",
			"dependencies": {
				"mime-db": "1.42.0"
			}
		},
		"node_modules/@sap/portal-cf-content-deployer/node_modules/minimatch": {
			"version": "3.0.4",
			"dependencies": {
				"brace-expansion": "^1.1.7"
			}
		},
		"node_modules/@sap/portal-cf-content-deployer/node_modules/ms": {
			"version": "2.0.0"
		},
		"node_modules/@sap/portal-cf-content-deployer/node_modules/once": {
			"version": "1.4.0",
			"dependencies": {
				"wrappy": "1"
			}
		},
		"node_modules/@sap/portal-cf-content-deployer/node_modules/pako": {
			"version": "1.0.10"
		},
		"node_modules/@sap/portal-cf-content-deployer/node_modules/path-is-absolute": {
			"version": "1.0.1"
		},
		"node_modules/@sap/portal-cf-content-deployer/node_modules/process-nextick-args": {
			"version": "2.0.1"
		},
		"node_modules/@sap/portal-cf-content-deployer/node_modules/readable-stream": {
			"version": "2.3.6",
			"dependencies": {
				"core-util-is": "~1.0.0",
				"inherits": "~2.0.3",
				"isarray": "~1.0.0",
				"process-nextick-args": "~2.0.0",
				"safe-buffer": "~5.1.1",
				"string_decoder": "~1.1.1",
				"util-deprecate": "~1.0.1"
			}
		},
		"node_modules/@sap/portal-cf-content-deployer/node_modules/rimraf": {
			"version": "2.6.3",
			"dependencies": {
				"glob": "^7.1.3"
			}
		},
		"node_modules/@sap/portal-cf-content-deployer/node_modules/safe-buffer": {
			"version": "5.1.2"
		},
		"node_modules/@sap/portal-cf-content-deployer/node_modules/set-immediate-shim": {
			"version": "1.0.1"
		},
		"node_modules/@sap/portal-cf-content-deployer/node_modules/string_decoder": {
			"version": "1.1.1",
			"dependencies": {
				"safe-buffer": "~5.1.0"
			}
		},
		"node_modules/@sap/portal-cf-content-deployer/node_modules/util-deprecate": {
			"version": "1.0.2"
		},
		"node_modules/@sap/portal-cf-content-deployer/node_modules/wrappy": {
			"version": "1.0.2"
		}
	},
	"dependencies": {
		"@sap/portal-cf-content-deployer": {
			"version": "3.25.0-20191218200458",
			"resolved": "https://registry.npmjs.org/@sap/portal-cf-content-deployer/-/portal-cf-content-deployer-3.25.0-20191218200458.tgz",
			"integrity": "sha512-h5yvsAaDTp6TZfXqWm9tzYo+I/+mw6/nR4AtnvcP9IePq7NRj6Ta3U//LQnFz4J+pZDzCg8p05kBw6GmbdeDjg==",
			"requires": {
				"@sap/xsenv": "2.0.0",
				"axios": "0.18.1",
				"form-data": "2.3.3",
				"glob": "7.1.4",
				"jszip": "3.2.1",
				"rimraf": "2.6.3"
			},
			"dependencies": {
				"@sap/xsenv": {
					"version": "2.0.0",
					"requires": {
						"debug": "3.1.0",
						"verror": "1.10.0"
					},
					"dependencies": {
						"assert-plus": {
							"version": "1.0.0"
						},
						"core-util-is": {
							"version": "1.0.2"
						},
						"debug": {
							"version": "3.1.0",
							"requires": {
								"ms": "2.0.0"
							}
						},
						"extsprintf": {
							"version": "1.4.0"
						},
						"ms": {
							"version": "2.0.0"
						},
						"verror": {
							"version": "1.10.0",
							"requires": {
								"assert-plus": "^1.0.0",
								"core-util-is": "1.0.2",
								"extsprintf": "^1.2.0"
							}
						}
					}
				},
				"asynckit": {
					"version": "0.4.0"
				},
				"axios": {
					"version": "0.18.1",
					"requires": {
						"follow-redirects": "1.5.10",
						"is-buffer": "^2.0.2"
					}
				},
				"balanced-match": {
					"version": "1.0.0"
				},
				"brace-expansion": {
					"version": "1.1.11",
					"requires": {
						"balanced-match": "^1.0.0",
						"concat-map": "0.0.1"
					}
				},
				"combined-stream": {
					"version": "1.0.8",
					"requires": {
						"delayed-stream": "~1.0.0"
					}
				},
				"concat-map": {
					"version": "0.0.1"
				},
				"core-util-is": {
					"version": "1.0.2"
				},
				"debug": {
					"version": "3.1.0",
					"requires": {
						"ms": "2.0.0"
					}
				},
				"delayed-stream": {
					"version": "1.0.0"
				},
				"follow-redirects": {
					"version": "1.5.10",
					"requires": {
						"debug": "=3.1.0"
					}
				},
				"form-data": {
					"version": "2.3.3",
					"requires": {
						"asynckit": "^0.4.0",
						"combined-stream": "^1.0.6",
						"mime-types": "^2.1.12"
					}
				},
				"fs.realpath": {
					"version": "1.0.0"
				},
				"glob": {
					"version": "7.1.4",
					"requires": {
						"fs.realpath": "^1.0.0",
						"inflight": "^1.0.4",
						"inherits": "2",
						"minimatch": "^3.0.4",
						"once": "^1.3.0",
						"path-is-absolute": "^1.0.0"
					}
				},
				"immediate": {
					"version": "3.0.6"
				},
				"inflight": {
					"version": "1.0.6",
					"requires": {
						"once": "^1.3.0",
						"wrappy": "1"
					}
				},
				"inherits": {
					"version": "2.0.4"
				},
				"is-buffer": {
					"version": "2.0.4"
				},
				"isarray": {
					"version": "1.0.0"
				},
				"jszip": {
					"version": "3.2.1",
					"requires": {
						"lie": "~3.3.0",
						"pako": "~1.0.2",
						"readable-stream": "~2.3.6",
						"set-immediate-shim": "~1.0.1"
					}
				},
				"lie": {
					"version": "3.3.0",
					"requires": {
						"immediate": "~3.0.5"
					}
				},
				"mime-db": {
					"version": "1.42.0"
				},
				"mime-types": {
					"version": "2.1.25",
					"requires": {
						"mime-db": "1.42.0"
					}
				},
				"minimatch": {
					"version": "3.0.4",
					"requires": {
						"brace-expansion": "^1.1.7"
					}
				},
				"ms": {
					"version": "2.0.0"
				},
				"once": {
					"version": "1.4.0",
					"requires": {
						"wrappy": "1"
					}
				},
				"pako": {
					"version": "1.0.10"
				},
				"path-is-absolute": {
					"version": "1.0.1"
				},
				"process-nextick-args": {
					"version": "2.0.1"
				},
				"readable-stream": {
					"version": "2.3.6",
					"requires": {
						"core-util-is": "~1.0.0",
						"inherits": "~2.0.3",
						"isarray": "~1.0.0",
						"process-nextick-args": "~2.0.0",
						"safe-buffer": "~5.1.1",
						"string_decoder": "~1.1.1",
						"util-deprecate": "~1.0.1"
					}
				},
				"rimraf": {
					"version": "2.6.3",
					"requires": {
						"glob": "^7.1.3"
					}
				},
				"safe-buffer": {
					"version": "5.1.2"
				},
				"set-immediate-shim": {
					"version": "1.0.1"
				},
				"string_decoder": {
					"version": "1.1.1",
					"requires": {
						"safe-buffer": "~5.1.0"
					}
				},
				"util-deprecate": {
					"version": "1.0.2"
				},
				"wrappy": {
					"version": "1.0.2"
				}
			}
		}
	}
}
